<Solution>
  <Folder Name="/aot/">
    <Project Path="aot/Pulse.Mqtt.AotSmoke/Pulse.Mqtt.AotSmoke.csproj" />
  </Folder>
  <Folder Name="/bench/">
    <Project Path="bench/Pulse.Mqtt.Benchmarks/Pulse.Mqtt.Benchmarks.csproj" />
    <Project Path="bench/Pulse.Mqtt.ComparisonBenchmarks/Pulse.Mqtt.ComparisonBenchmarks.csproj" />
  </Folder>
  <Folder Name="/samples/">
    <Project Path="samples/Pulse.Mqtt.AspNetCoreSample/Pulse.Mqtt.AspNetCoreSample.csproj" />
    <Project Path="samples/Pulse.Mqtt.Sample/Pulse.Mqtt.Sample.csproj" />
    <Project Path="samples/Pulse.Mqtt.WorkerSample/Pulse.Mqtt.WorkerSample.csproj" />
  </Folder>
  <Folder Name="/src/">
    <Project Path="src/Pulse.Mqtt.Analyzers/Pulse.Mqtt.Analyzers.csproj" />
    <Project Path="src/Pulse.Mqtt.Client/Pulse.Mqtt.Client.csproj" />
    <Project Path="src/Pulse.Mqtt.Core/Pulse.Mqtt.Core.csproj" />
    <Project Path="src/Pulse.Mqtt.Dataflow/Pulse.Mqtt.Dataflow.csproj" />
    <Project Path="src/Pulse.Mqtt.DependencyInjection/Pulse.Mqtt.DependencyInjection.csproj" />
    <Project Path="src/Pulse.Mqtt.Resilience.Polly/Pulse.Mqtt.Resilience.Polly.csproj" />
    <Project Path="src/Pulse.Mqtt.Serialization.Json/Pulse.Mqtt.Serialization.Json.csproj" />
    <Project Path="src/Pulse.Mqtt.Serialization.MessagePack/Pulse.Mqtt.Serialization.MessagePack.csproj" />
    <Project Path="src/Pulse.Mqtt.Serialization.Protobuf/Pulse.Mqtt.Serialization.Protobuf.csproj" />
    <Project Path="src/Pulse.Mqtt.Storage.LiteDB/Pulse.Mqtt.Storage.LiteDB.csproj" />
    <Project Path="src/Pulse.Mqtt.Storage.Sqlite/Pulse.Mqtt.Storage.Sqlite.csproj" />
    <Project Path="src/Pulse.Mqtt.Testing/Pulse.Mqtt.Testing.csproj" />
    <Project Path="src/Pulse.Mqtt.Transport.Quic/Pulse.Mqtt.Transport.Quic.csproj" />
    <Project Path="src/Pulse.Mqtt.Transport.WebSocket/Pulse.Mqtt.Transport.WebSocket.csproj" />
  </Folder>
  <Folder Name="/tests/">
    <Project Path="tests/Pulse.Mqtt.Analyzers.Tests/Pulse.Mqtt.Analyzers.Tests.csproj" />
    <Project Path="tests/Pulse.Mqtt.Client.Tests/Pulse.Mqtt.Client.Tests.csproj" />
    <Project Path="tests/Pulse.Mqtt.Core.Tests/Pulse.Mqtt.Core.Tests.csproj" />
    <Project Path="tests/Pulse.Mqtt.Dataflow.Tests/Pulse.Mqtt.Dataflow.Tests.csproj" />
    <Project Path="tests/Pulse.Mqtt.DependencyInjection.Tests/Pulse.Mqtt.DependencyInjection.Tests.csproj" />
    <Project Path="tests/Pulse.Mqtt.IntegrationTests/Pulse.Mqtt.IntegrationTests.csproj" />
    <Project Path="tests/Pulse.Mqtt.Serialization.MessagePack.Tests/Pulse.Mqtt.Serialization.MessagePack.Tests.csproj" />
    <Project Path="tests/Pulse.Mqtt.Serialization.Protobuf.Tests/Pulse.Mqtt.Serialization.Protobuf.Tests.csproj" />
    <Project Path="tests/Pulse.Mqtt.Storage.LiteDB.Tests/Pulse.Mqtt.Storage.LiteDB.Tests.csproj" />
    <Project Path="tests/Pulse.Mqtt.Storage.Sqlite.Tests/Pulse.Mqtt.Storage.Sqlite.Tests.csproj" />
    <Project Path="tests/Pulse.Mqtt.Testing.Tests/Pulse.Mqtt.Testing.Tests.csproj" />
  </Folder>
</Solution>
